
Microsoft Visual Studio Solution File, Format Version 12.00
# Visual Studio Version 17
VisualStudioVersion = 17.14.36414.22 d17.14
MinimumVisualStudioVersion = 10.0.40219.1
Project("{FAE04EC0-301F-11D3-BF4B-00C04F79EFBC}") = "CarsShop", "CarsShop.csproj", "{19B724BF-BB82-40A4-A569-CAF81CEB731F}"
EndProject
Global
	GlobalSection(SolutionConfigurationPlatforms) = preSolution
		Debug|Any CPU = Debug|Any CPU
		Release|Any CPU = Release|Any CPU
	EndGlobalSection
	GlobalSection(ProjectConfigurationPlatforms) = postSolution
		{19B724BF-BB82-40A4-A569-CAF81CEB731F}.Debug|Any CPU.ActiveCfg = Debug|Any CPU
		{19B724BF-BB82-40A4-A569-CAF81CEB731F}.Debug|Any CPU.Build.0 = Debug|Any CPU
		{19B724BF-BB82-40A4-A569-CAF81CEB731F}.Release|Any CPU.ActiveCfg = Release|Any CPU
		{19B724BF-BB82-40A4-A569-CAF81CEB731F}.Release|Any CPU.Build.0 = Release|Any CPU
	EndGlobalSection
	GlobalSection(SolutionProperties) = preSolution
		HideSolutionNode = FALSE
	EndGlobalSection
	GlobalSection(ExtensibilityGlobals) = postSolution
		SolutionGuid = {8DB0DFF3-328B-4D56-9E15-AAF04E03A009}
	EndGlobalSection
EndGlobal
